
Microsoft Visual Studio Solution File, Format Version 12.00
# Visual Studio Version 16
VisualStudioVersion = 16.0.30611.23
MinimumVisualStudioVersion = 10.0.40219.1
Project("{FAE04EC0-301F-11D3-BF4B-00C04F79EFBC}") = "MergeTelemetry", "MergeTelemetry.csproj", "{08766014-42AB-47D7-8723-F489CC22BB7C}"
EndProject
Global
	GlobalSection(SolutionConfigurationPlatforms) = preSolution
		Debug|Any CPU = Debug|Any CPU
		Release|Any CPU = Release|Any CPU
	EndGlobalSection
	GlobalSection(ProjectConfigurationPlatforms) = postSolution
		{08766014-42AB-47D7-8723-F489CC22BB7C}.Debug|Any CPU.ActiveCfg = Debug|Any CPU
		{08766014-42AB-47D7-8723-F489CC22BB7C}.Debug|Any CPU.Build.0 = Debug|Any CPU
		{08766014-42AB-47D7-8723-F489CC22BB7C}.Release|Any CPU.ActiveCfg = Release|Any CPU
		{08766014-42AB-47D7-8723-F489CC22BB7C}.Release|Any CPU.Build.0 = Release|Any CPU
	EndGlobalSection
	GlobalSection(SolutionProperties) = preSolution
		HideSolutionNode = FALSE
	EndGlobalSection
	GlobalSection(ExtensibilityGlobals) = postSolution
		SolutionGuid = {9392AF46-AFE7-42ED-B902-CA25AC5B3900}
	EndGlobalSection
EndGlobal
